// !$*UTF8*$!
{
	archiveVersion = 1;
	classes = {
	};
	objectVersion = 56;
	objects = {

/* Begin PBXBuildFile section */
		551E95552B573FDB0033C3E2 /* AppDelegate.swift in Sources */ = {isa = PBXBuildFile; fileRef = 551E95542B573FDB0033C3E2 /* AppDelegate.swift */; };
		551E95572B573FDB0033C3E2 /* SceneDelegate.swift in Sources */ = {isa = PBXBuildFile; fileRef = 551E95562B573FDB0033C3E2 /* SceneDelegate.swift */; };
		551E95592B573FDB0033C3E2 /* ViewController.swift in Sources */ = {isa = PBXBuildFile; fileRef = 551E95582B573FDB0033C3E2 /* ViewController.swift */; };
		551E955C2B573FDB0033C3E2 /* Main.storyboard in Resources */ = {isa = PBXBuildFile; fileRef = 551E955A2B573FDB0033C3E2 /* Main.storyboard */; };
		551E955E2B573FDD0033C3E2 /* Assets.xcassets in Resources */ = {isa = PBXBuildFile; fileRef = 551E955D2B573FDD0033C3E2 /* Assets.xcassets */; };
		551E95612B573FDD0033C3E2 /* LaunchScreen.storyboard in Resources */ = {isa = PBXBuildFile; fileRef = 551E955F2B573FDD0033C3E2 /* LaunchScreen.storyboard */; };
		551E956C2B573FDE0033C3E2 /* ConstraintAutoLayout2Tests.swift in Sources */ = {isa = PBXBuildFile; fileRef = 551E956B2B573FDE0033C3E2 /* ConstraintAutoLayout2Tests.swift */; };
		551E95762B573FDE0033C3E2 /* ConstraintAutoLayout2UITests.swift in Sources */ = {isa = PBXBuildFile; fileRef = 551E95752B573FDE0033C3E2 /* ConstraintAutoLayout2UITests.swift */; };
		551E95782B573FDE0033C3E2 /* ConstraintAutoLayout2UITestsLaunchTests.swift in Sources */ = {isa = PBXBuildFile; fileRef = 551E95772B573FDE0033C3E2 /* ConstraintAutoLayout2UITestsLaunchTests.swift */; };
/* End PBXBuildFile section */

/* Begin PBXContainerItemProxy section */
		551E95682B573FDE0033C3E2 /* PBXContainerItemProxy */ = {
			isa = PBXContainerItemProxy;
			containerPortal = 551E95492B573FDB0033C3E2 /* Project object */;
			proxyType = 1;
			remoteGlobalIDString = 551E95502B573FDB0033C3E2;
			remoteInfo = ConstraintAutoLayout2;
		};
		551E95722B573FDE0033C3E2 /* PBXContainerItemProxy */ = {
			isa = PBXContainerItemProxy;
			containerPortal = 551E95492B573FDB0033C3E2 /* Project object */;
			proxyType = 1;
			remoteGlobalIDString = 551E95502B573FDB0033C3E2;
			remoteInfo = ConstraintAutoLayout2;
		};
/* End PBXContainerItemProxy section */

/* Begin PBXFileReference section */
		551E95512B573FDB0033C3E2 /* ConstraintAutoLayout2.app */ = {isa = PBXFileReference; explicitFileType = wrapper.application; includeInIndex = 0; path = ConstraintAutoLayout2.app; sourceTree = BUILT_PRODUCTS_DIR; };
		551E95542B573FDB0033C3E2 /* AppDelegate.swift */ = {isa = PBXFileReference; lastKnownFileType = sourcecode.swift; path = AppDelegate.swift; sourceTree = "<group>"; };
		551E95562B573FDB0033C3E2 /* SceneDelegate.swift */ = {isa = PBXFileReference; lastKnownFileType = sourcecode.swift; path = SceneDelegate.swift; sourceTree = "<group>"; };
		551E95582B573FDB0033C3E2 /* ViewController.swift */ = {isa = PBXFileReference; lastKnownFileType = sourcecode.swift; path = ViewController.swift; sourceTree = "<group>"; };
		551E955B2B573FDB0033C3E2 /* Base */ = {isa = PBXFileReference; lastKnownFileType = file.storyboard; name = Base; path = Base.lproj/Main.storyboard; sourceTree = "<group>"; };
		551E955D2B573FDD0033C3E2 /* Assets.xcassets */ = {isa = PBXFileReference; lastKnownFileType = folder.assetcatalog; path = Assets.xcassets; sourceTree = "<group>"; };
		551E95602B573FDD0033C3E2 /* Base */ = {isa = PBXFileReference; lastKnownFileType = file.storyboard; name = Base; path = Base.lproj/LaunchScreen.storyboard; sourceTree = "<group>"; };
		551E95622B573FDD0033C3E2 /* Info.plist */ = {isa = PBXFileReference; lastKnownFileType = text.plist.xml; path = Info.plist; sourceTree = "<group>"; };
		551E95672B573FDE0033C3E2 /* ConstraintAutoLayout2Tests.xctest */ = {isa = PBXFileReference; explicitFileType = wrapper.cfbundle; includeInIndex = 0; path = ConstraintAutoLayout2Tests.xctest; sourceTree = BUILT_PRODUCTS_DIR; };
		551E956B2B573FDE0033C3E2 /* ConstraintAutoLayout2Tests.swift */ = {isa = PBXFileReference; lastKnownFileType = sourcecode.swift; path = ConstraintAutoLayout2Tests.swift; sourceTree = "<group>"; };
		551E95712B573FDE0033C3E2 /* ConstraintAutoLayout2UITests.xctest */ = {isa = PBXFileReference; explicitFileType = wrapper.cfbundle; includeInIndex = 0; path = ConstraintAutoLayout2UITests.xctest; sourceTree = BUILT_PRODUCTS_DIR; };
		551E95752B573FDE0033C3E2 /* ConstraintAutoLayout2UITests.swift */ = {isa = PBXFileReference; lastKnownFileType = sourcecode.swift; path = ConstraintAutoLayout2UITests.swift; sourceTree = "<group>"; };
		551E95772B573FDE0033C3E2 /* ConstraintAutoLayout2UITestsLaunchTests.swift */ = {isa = PBXFileReference; lastKnownFileType = sourcecode.swift; path = ConstraintAutoLayout2UITestsLaunchTests.swift; sourceTree = "<group>"; };
/* End PBXFileReference section */

/* Begin PBXFrameworksBuildPhase section */
		551E954E2B573FDB0033C3E2 /* Frameworks */ = {
			isa = PBXFrameworksBuildPhase;
			buildActionMask = 2147483647;
			files = (
			);
			runOnlyForDeploymentPostprocessing = 0;
		};
		551E95642B573FDE0033C3E2 /* Frameworks */ = {
			isa = PBXFrameworksBuildPhase;
			buildActionMask = 2147483647;
			files = (
			);
			runOnlyForDeploymentPostprocessing = 0;
		};
		551E956E2B573FDE0033C3E2 /* Frameworks */ = {
			isa = PBXFrameworksBuildPhase;
			buildActionMask = 2147483647;
			files = (
			);
			runOnlyForDeploymentPostprocessing = 0;
		};
/* End PBXFrameworksBuildPhase section */

/* Begin PBXGroup section */
		551E95482B573FDB0033C3E2 = {
			isa = PBXGroup;
			children = (
				551E95532B573FDB0033C3E2 /* ConstraintAutoLayout2 */,
				551E956A2B573FDE0033C3E2 /* ConstraintAutoLayout2Tests */,
				551E95742B573FDE0033C3E2 /* ConstraintAutoLayout2UITests */,
				551E95522B573FDB0033C3E2 /* Products */,
			);
			sourceTree = "<group>";
		};
		551E95522B573FDB0033C3E2 /* Products */ = {
			isa = PBXGroup;
			children = (
				551E95512B573FDB0033C3E2 /* ConstraintAutoLayout2.app */,
				551E95672B573FDE0033C3E2 /* ConstraintAutoLayout2Tests.xctest */,
				551E95712B573FDE0033C3E2 /* ConstraintAutoLayout2UITests.xctest */,
			);
			name = Products;
			sourceTree = "<group>";
		};
		551E95532B573FDB0033C3E2 /* ConstraintAutoLayout2 */ = {
			isa = PBXGroup;
			children = (
				551E95542B573FDB0033C3E2 /* AppDelegate.swift */,
				551E95562B573FDB0033C3E2 /* SceneDelegate.swift */,
				551E95582B573FDB0033C3E2 /* ViewController.swift */,
				551E955A2B573FDB0033C3E2 /* Main.storyboard */,
				551E955D2B573FDD0033C3E2 /* Assets.xcassets */,
				551E955F2B573FDD0033C3E2 /* LaunchScreen.storyboard */,
				551E95622B573FDD0033C3E2 /* Info.plist */,
			);
			path = ConstraintAutoLayout2;
			sourceTree = "<group>";
		};
		551E956A2B573FDE0033C3E2 /* ConstraintAutoLayout2Tests */ = {
			isa = PBXGroup;
			children = (
				551E956B2B573FDE0033C3E2 /* ConstraintAutoLayout2Tests.swift */,
			);
			path = ConstraintAutoLayout2Tests;
			sourceTree = "<group>";
		};
		551E95742B573FDE0033C3E2 /* ConstraintAutoLayout2UITests */ = {
			isa = PBXGroup;
			children = (
				551E95752B573FDE0033C3E2 /* ConstraintAutoLayout2UITests.swift */,
				551E95772B573FDE0033C3E2 /* ConstraintAutoLayout2UITestsLaunchTests.swift */,
			);
			path = ConstraintAutoLayout2UITests;
			sourceTree = "<group>";
		};
/* End PBXGroup section */

/* Begin PBXNativeTarget section */
		551E95502B573FDB0033C3E2 /* ConstraintAutoLayout2 */ = {
			isa = PBXNativeTarget;
			buildConfigurationList = 551E957B2B573FDE0033C3E2 /* Build configuration list for PBXNativeTarget "ConstraintAutoLayout2" */;
			buildPhases = (
				551E954D2B573FDB0033C3E2 /* Sources */,
				551E954E2B573FDB0033C3E2 /* Frameworks */,
				551E954F2B573FDB0033C3E2 /* Resources */,
			);
			buildRules = (
			);
			dependencies = (
			);
			name = ConstraintAutoLayout2;
			productName = ConstraintAutoLayout2;
			productReference = 551E95512B573FDB0033C3E2 /* ConstraintAutoLayout2.app */;
			productType = "com.apple.product-type.application";
		};
		551E95662B573FDE0033C3E2 /* ConstraintAutoLayout2Tests */ = {
			isa = PBXNativeTarget;
			buildConfigurationList = 551E957E2B573FDE0033C3E2 /* Build configuration list for PBXNativeTarget "ConstraintAutoLayout2Tests" */;
			buildPhases = (
				551E95632B573FDE0033C3E2 /* Sources */,
				551E95642B573FDE0033C3E2 /* Frameworks */,
				551E95652B573FDE0033C3E2 /* Resources */,
			);
			buildRules = (
			);
			dependencies = (
				551E95692B573FDE0033C3E2 /* PBXTargetDependency */,
			);
			name = ConstraintAutoLayout2Tests;
			productName = ConstraintAutoLayout2Tests;
			productReference = 551E95672B573FDE0033C3E2 /* ConstraintAutoLayout2Tests.xctest */;
			productType = "com.apple.product-type.bundle.unit-test";
		};
		551E95702B573FDE0033C3E2 /* ConstraintAutoLayout2UITests */ = {
			isa = PBXNativeTarget;
			buildConfigurationList = 551E95812B573FDE0033C3E2 /* Build configuration list for PBXNativeTarget "ConstraintAutoLayout2UITests" */;
			buildPhases = (
				551E956D2B573FDE0033C3E2 /* Sources */,
				551E956E2B573FDE0033C3E2 /* Frameworks */,
				551E956F2B573FDE0033C3E2 /* Resources */,
			);
			buildRules = (
			);
			dependencies = (
				551E95732B573FDE0033C3E2 /* PBXTargetDependency */,
			);
			name = ConstraintAutoLayout2UITests;
			productName = ConstraintAutoLayout2UITests;
			productReference = 551E95712B573FDE0033C3E2 /* ConstraintAutoLayout2UITests.xctest */;
			productType = "com.apple.product-type.bundle.ui-testing";
		};
/* End PBXNativeTarget section */

/* Begin PBXProject section */
		551E95492B573FDB0033C3E2 /* Project object */ = {
			isa = PBXProject;
			attributes = {
				BuildIndependentTargetsInParallel = 1;
				LastSwiftUpdateCheck = 1520;
				LastUpgradeCheck = 1520;
				TargetAttributes = {
					551E95502B573FDB0033C3E2 = {
						CreatedOnToolsVersion = 15.2;
					};
					551E95662B573FDE0033C3E2 = {
						CreatedOnToolsVersion = 15.2;
						TestTargetID = 551E95502B573FDB0033C3E2;
					};
					551E95702B573FDE0033C3E2 = {
						CreatedOnToolsVersion = 15.2;
						TestTargetID = 551E95502B573FDB0033C3E2;
					};
				};
			};
			buildConfigurationList = 551E954C2B573FDB0033C3E2 /* Build configuration list for PBXProject "ConstraintAutoLayout2" */;
			compatibilityVersion = "Xcode 14.0";
			developmentRegion = en;
			hasScannedForEncodings = 0;
			knownRegions = (
				en,
				Base,
			);
			mainGroup = 551E95482B573FDB0033C3E2;
			productRefGroup = 551E95522B573FDB0033C3E2 /* Products */;
			projectDirPath = "";
			projectRoot = "";
			targets = (
				551E95502B573FDB0033C3E2 /* ConstraintAutoLayout2 */,
				551E95662B573FDE0033C3E2 /* ConstraintAutoLayout2Tests */,
				551E95702B573FDE0033C3E2 /* ConstraintAutoLayout2UITests */,
			);
		};
/* End PBXProject section */

/* Begin PBXResourcesBuildPhase section */
		551E954F2B573FDB0033C3E2 /* Resources */ = {
			isa = PBXResourcesBuildPhase;
			buildActionMask = 2147483647;
			files = (
				551E95612B573FDD0033C3E2 /* LaunchScreen.storyboard in Resources */,
				551E955E2B573FDD0033C3E2 /* Assets.xcassets in Resources */,
				551E955C2B573FDB0033C3E2 /* Main.storyboard in Resources */,
			);
			runOnlyForDeploymentPostprocessing = 0;
		};
		551E95652B573FDE0033C3E2 /* Resources */ = {
			isa = PBXResourcesBuildPhase;
			buildActionMask = 2147483647;
			files = (
			);
			runOnlyForDeploymentPostprocessing = 0;
		};
		551E956F2B573FDE0033C3E2 /* Resources */ = {
			isa = PBXResourcesBuildPhase;
			buildActionMask = 2147483647;
			files = (
			);
			runOnlyForDeploymentPostprocessing = 0;
		};
/* End PBXResourcesBuildPhase section */

/* Begin PBXSourcesBuildPhase section */
		551E954D2B573FDB0033C3E2 /* Sources */ = {
			isa = PBXSourcesBuildPhase;
			buildActionMask = 2147483647;
			files = (
				551E95592B573FDB0033C3E2 /* ViewController.swift in Sources */,
				551E95552B573FDB0033C3E2 /* AppDelegate.swift in Sources */,
				551E95572B573FDB0033C3E2 /* SceneDelegate.swift in Sources */,
			);
			runOnlyForDeploymentPostprocessing = 0;
		};
		551E95632B573FDE0033C3E2 /* Sources */ = {
			isa = PBXSourcesBuildPhase;
			buildActionMask = 2147483647;
			files = (
				551E956C2B573FDE0033C3E2 /* ConstraintAutoLayout2Tests.swift in Sources */,
			);
			runOnlyForDeploymentPostprocessing = 0;
		};
		551E956D2B573FDE0033C3E2 /* Sources */ = {
			isa = PBXSourcesBuildPhase;
			buildActionMask = 2147483647;
			files = (
				551E95762B573FDE0033C3E2 /* ConstraintAutoLayout2UITests.swift in Sources */,
				551E95782B573FDE0033C3E2 /* ConstraintAutoLayout2UITestsLaunchTests.swift in Sources */,
			);
			runOnlyForDeploymentPostprocessing = 0;
		};
/* End PBXSourcesBuildPhase section */

/* Begin PBXTargetDependency section */
		551E95692B573FDE0033C3E2 /* PBXTargetDependency */ = {
			isa = PBXTargetDependency;
			target = 551E95502B573FDB0033C3E2 /* ConstraintAutoLayout2 */;
			targetProxy = 551E95682B573FDE0033C3E2 /* PBXContainerItemProxy */;
		};
		551E95732B573FDE0033C3E2 /* PBXTargetDependency */ = {
			isa = PBXTargetDependency;
			target = 551E95502B573FDB0033C3E2 /* ConstraintAutoLayout2 */;
			targetProxy = 551E95722B573FDE0033C3E2 /* PBXContainerItemProxy */;
		};
/* End PBXTargetDependency section */

/* Begin PBXVariantGroup section */
		551E955A2B573FDB0033C3E2 /* Main.storyboard */ = {
			isa = PBXVariantGroup;
			children = (
				551E955B2B573FDB0033C3E2 /* Base */,
			);
			name = Main.storyboard;
			sourceTree = "<group>";
		};
		551E955F2B573FDD0033C3E2 /* LaunchScreen.storyboard */ = {
			isa = PBXVariantGroup;
			children = (
				551E95602B573FDD0033C3E2 /* Base */,
			);
			name = LaunchScreen.storyboard;
			sourceTree = "<group>";
		};
/* End PBXVariantGroup section */

/* Begin XCBuildConfiguration section */
		551E95792B573FDE0033C3E2 /* Debug */ = {
			isa = XCBuildConfiguration;
			buildSettings = {
				ALWAYS_SEARCH_USER_PATHS = NO;
				ASSETCATALOG_COMPILER_GENERATE_SWIFT_ASSET_SYMBOL_EXTENSIONS = YES;
				CLANG_ANALYZER_NONNULL = YES;
				CLANG_ANALYZER_NUMBER_OBJECT_CONVERSION = YES_AGGRESSIVE;
				CLANG_CXX_LANGUAGE_STANDARD = "gnu++20";
				CLANG_ENABLE_MODULES = YES;
				CLANG_ENABLE_OBJC_ARC = YES;
				CLANG_ENABLE_OBJC_WEAK = YES;
				CLANG_WARN_BLOCK_CAPTURE_AUTORELEASING = YES;
				CLANG_WARN_BOOL_CONVERSION = YES;
				CLANG_WARN_COMMA = YES;
				CLANG_WARN_CONSTANT_CONVERSION = YES;
				CLANG_WARN_DEPRECATED_OBJC_IMPLEMENTATIONS = YES;
				CLANG_WARN_DIRECT_OBJC_ISA_USAGE = YES_ERROR;
				CLANG_WARN_DOCUMENTATION_COMMENTS = YES;
				CLANG_WARN_EMPTY_BODY = YES;
				CLANG_WARN_ENUM_CONVERSION = YES;
				CLANG_WARN_INFINITE_RECURSION = YES;
				CLANG_WARN_INT_CONVERSION = YES;
				CLANG_WARN_NON_LITERAL_NULL_CONVERSION = YES;
				CLANG_WARN_OBJC_IMPLICIT_RETAIN_SELF = YES;
				CLANG_WARN_OBJC_LITERAL_CONVERSION = YES;
				CLANG_WARN_OBJC_ROOT_CLASS = YES_ERROR;
				CLANG_WARN_QUOTED_INCLUDE_IN_FRAMEWORK_HEADER = YES;
				CLANG_WARN_RANGE_LOOP_ANALYSIS = YES;
				CLANG_WARN_STRICT_PROTOTYPES = YES;
				CLANG_WARN_SUSPICIOUS_MOVE = YES;
				CLANG_WARN_UNGUARDED_AVAILABILITY = YES_AGGRESSIVE;
				CLANG_WARN_UNREACHABLE_CODE = YES;
				CLANG_WARN__DUPLICATE_METHOD_MATCH = YES;
				COPY_PHASE_STRIP = NO;
				DEBUG_INFORMATION_FORMAT = dwarf;
				ENABLE_STRICT_OBJC_MSGSEND = YES;
				ENABLE_TESTABILITY = YES;
				ENABLE_USER_SCRIPT_SANDBOXING = YES;
				GCC_C_LANGUAGE_STANDARD = gnu17;
				GCC_DYNAMIC_NO_PIC = NO;
				GCC_NO_COMMON_BLOCKS = YES;
				GCC_OPTIMIZATION_LEVEL = 0;
				GCC_PREPROCESSOR_DEFINITIONS = (
					"DEBUG=1",
					"$(inherited)",
				);
				GCC_WARN_64_TO_32_BIT_CONVERSION = YES;
				GCC_WARN_ABOUT_RETURN_TYPE = YES_ERROR;
				GCC_WARN_UNDECLARED_SELECTOR = YES;
				GCC_WARN_UNINITIALIZED_AUTOS = YES_AGGRESSIVE;
				GCC_WARN_UNUSED_FUNCTION = YES;
				GCC_WARN_UNUSED_VARIABLE = YES;
				IPHONEOS_DEPLOYMENT_TARGET = 17.2;
				LOCALIZATION_PREFERS_STRING_CATALOGS = YES;
				MTL_ENABLE_DEBUG_INFO = INCLUDE_SOURCE;
				MTL_FAST_MATH = YES;
				ONLY_ACTIVE_ARCH = YES;
				SDKROOT = iphoneos;
				SWIFT_ACTIVE_COMPILATION_CONDITIONS = "DEBUG $(inherited)";
				SWIFT_OPTIMIZATION_LEVEL = "-Onone";
			};
			name = Debug;
		};
		551E957A2B573FDE0033C3E2 /* Release */ = {
			isa = XCBuildConfiguration;
			buildSettings = {
				ALWAYS_SEARCH_USER_PATHS = NO;
				ASSETCATALOG_COMPILER_GENERATE_SWIFT_ASSET_SYMBOL_EXTENSIONS = YES;
				CLANG_ANALYZER_NONNULL = YES;
				CLANG_ANALYZER_NUMBER_OBJECT_CONVERSION = YES_AGGRESSIVE;
				CLANG_CXX_LANGUAGE_STANDARD = "gnu++20";
				CLANG_ENABLE_MODULES = YES;
				CLANG_ENABLE_OBJC_ARC = YES;
				CLANG_ENABLE_OBJC_WEAK = YES;
				CLANG_WARN_BLOCK_CAPTURE_AUTORELEASING = YES;
				CLANG_WARN_BOOL_CONVERSION = YES;
				CLANG_WARN_COMMA = YES;
				CLANG_WARN_CONSTANT_CONVERSION = YES;
				CLANG_WARN_DEPRECATED_OBJC_IMPLEMENTATIONS = YES;
				CLANG_WARN_DIRECT_OBJC_ISA_USAGE = YES_ERROR;
				CLANG_WARN_DOCUMENTATION_COMMENTS = YES;
				CLANG_WARN_EMPTY_BODY = YES;
				CLANG_WARN_ENUM_CONVERSION = YES;
				CLANG_WARN_INFINITE_RECURSION = YES;
				CLANG_WARN_INT_CONVERSION = YES;
				CLANG_WARN_NON_LITERAL_NULL_CONVERSION = YES;
				CLANG_WARN_OBJC_IMPLICIT_RETAIN_SELF = YES;
				CLANG_WARN_OBJC_LITERAL_CONVERSION = YES;
				CLANG_WARN_OBJC_ROOT_CLASS = YES_ERROR;
				CLANG_WARN_QUOTED_INCLUDE_IN_FRAMEWORK_HEADER = YES;
				CLANG_WARN_RANGE_LOOP_ANALYSIS = YES;
				CLANG_WARN_STRICT_PROTOTYPES = YES;
				CLANG_WARN_SUSPICIOUS_MOVE = YES;
				CLANG_WARN_UNGUARDED_AVAILABILITY = YES_AGGRESSIVE;
				CLANG_WARN_UNREACHABLE_CODE = YES;
				CLANG_WARN__DUPLICATE_METHOD_MATCH = YES;
				COPY_PHASE_STRIP = NO;
				DEBUG_INFORMATION_FORMAT = "dwarf-with-dsym";
				ENABLE_NS_ASSERTIONS = NO;
				ENABLE_STRICT_OBJC_MSGSEND = YES;
				ENABLE_USER_SCRIPT_SANDBOXING = YES;
				GCC_C_LANGUAGE_STANDARD = gnu17;
				GCC_NO_COMMON_BLOCKS = YES;
				GCC_WARN_64_TO_32_BIT_CONVERSION = YES;
				GCC_WARN_ABOUT_RETURN_TYPE = YES_ERROR;
				GCC_WARN_UNDECLARED_SELECTOR = YES;
				GCC_WARN_UNINITIALIZED_AUTOS = YES_AGGRESSIVE;
				GCC_WARN_UNUSED_FUNCTION = YES;
				GCC_WARN_UNUSED_VARIABLE = YES;
				IPHONEOS_DEPLOYMENT_TARGET = 17.2;
				LOCALIZATION_PREFERS_STRING_CATALOGS = YES;
				MTL_ENABLE_DEBUG_INFO = NO;
				MTL_FAST_MATH = YES;
				SDKROOT = iphoneos;
				SWIFT_COMPILATION_MODE = wholemodule;
				VALIDATE_PRODUCT = YES;
			};
			name = Release;
		};
		551E957C2B573FDE0033C3E2 /* Debug */ = {
			isa = XCBuildConfiguration;
			buildSettings = {
				ASSETCATALOG_COMPILER_APPICON_NAME = AppIcon;
				ASSETCATALOG_COMPILER_GLOBAL_ACCENT_COLOR_NAME = AccentColor;
				CODE_SIGN_STYLE = Automatic;
				CURRENT_PROJECT_VERSION = 1;
				DEVELOPMENT_TEAM = 538YK27G99;
				GENERATE_INFOPLIST_FILE = YES;
				INFOPLIST_FILE = ConstraintAutoLayout2/Info.plist;
				INFOPLIST_KEY_UIApplicationSupportsIndirectInputEvents = YES;
				INFOPLIST_KEY_UILaunchStoryboardName = LaunchScreen;
				INFOPLIST_KEY_UIMainStoryboardFile = Main;
				INFOPLIST_KEY_UISupportedInterfaceOrientations_iPad = "UIInterfaceOrientationPortrait UIInterfaceOrientationPortraitUpsideDown UIInterfaceOrientationLandscapeLeft UIInterfaceOrientationLandscapeRight";
				INFOPLIST_KEY_UISupportedInterfaceOrientations_iPhone = "UIInterfaceOrientationPortrait UIInterfaceOrientationLandscapeLeft UIInterfaceOrientationLandscapeRight";
				LD_RUNPATH_SEARCH_PATHS = (
					"$(inherited)",
					"@executable_path/Frameworks",
				);
				MARKETING_VERSION = 1.0;
				PRODUCT_BUNDLE_IDENTIFIER = com.Alejandro.ConstraintAutoLayout2;
				PRODUCT_NAME = "$(TARGET_NAME)";
				SWIFT_EMIT_LOC_STRINGS = YES;
				SWIFT_VERSION = 5.0;
				TARGETED_DEVICE_FAMILY = "1,2";
			};
			name = Debug;
		};
		551E957D2B573FDE0033C3E2 /* Release */ = {
			isa = XCBuildConfiguration;
			buildSettings = {
				ASSETCATALOG_COMPILER_APPICON_NAME = AppIcon;
				ASSETCATALOG_COMPILER_GLOBAL_ACCENT_COLOR_NAME = AccentColor;
				CODE_SIGN_STYLE = Automatic;
				CURRENT_PROJECT_VERSION = 1;
				DEVELOPMENT_TEAM = 538YK27G99;
				GENERATE_INFOPLIST_FILE = YES;
				INFOPLIST_FILE = ConstraintAutoLayout2/Info.plist;
				INFOPLIST_KEY_UIApplicationSupportsIndirectInputEvents = YES;
				INFOPLIST_KEY_UILaunchStoryboardName = LaunchScreen;
				INFOPLIST_KEY_UIMainStoryboardFile = Main;
				INFOPLIST_KEY_UISupportedInterfaceOrientations_iPad = "UIInterfaceOrientationPortrait UIInterfaceOrientationPortraitUpsideDown UIInterfaceOrientationLandscapeLeft UIInterfaceOrientationLandscapeRight";
				INFOPLIST_KEY_UISupportedInterfaceOrientations_iPhone = "UIInterfaceOrientationPortrait UIInterfaceOrientationLandscapeLeft UIInterfaceOrientationLandscapeRight";
				LD_RUNPATH_SEARCH_PATHS = (
					"$(inherited)",
					"@executable_path/Frameworks",
				);
				MARKETING_VERSION = 1.0;
				PRODUCT_BUNDLE_IDENTIFIER = com.Alejandro.ConstraintAutoLayout2;
				PRODUCT_NAME = "$(TARGET_NAME)";
				SWIFT_EMIT_LOC_STRINGS = YES;
				SWIFT_VERSION = 5.0;
				TARGETED_DEVICE_FAMILY = "1,2";
			};
			name = Release;
		};
		551E957F2B573FDE0033C3E2 /* Debug */ = {
			isa = XCBuildConfiguration;
			buildSettings = {
				ALWAYS_EMBED_SWIFT_STANDARD_LIBRARIES = YES;
				BUNDLE_LOADER = "$(TEST_HOST)";
				CODE_SIGN_STYLE = Automatic;
				CURRENT_PROJECT_VERSION = 1;
				DEVELOPMENT_TEAM = 538YK27G99;
				GENERATE_INFOPLIST_FILE = YES;
				IPHONEOS_DEPLOYMENT_TARGET = 17.2;
				MARKETING_VERSION = 1.0;
				PRODUCT_BUNDLE_IDENTIFIER = com.Alejandro.ConstraintAutoLayout2Tests;
				PRODUCT_NAME = "$(TARGET_NAME)";
				SWIFT_EMIT_LOC_STRINGS = NO;
				SWIFT_VERSION = 5.0;
				TARGETED_DEVICE_FAMILY = "1,2";
				TEST_HOST = "$(BUILT_PRODUCTS_DIR)/ConstraintAutoLayout2.app/$(BUNDLE_EXECUTABLE_FOLDER_PATH)/ConstraintAutoLayout2";
			};
			name = Debug;
		};
		551E95802B573FDE0033C3E2 /* Release */ = {
			isa = XCBuildConfiguration;
			buildSettings = {
				ALWAYS_EMBED_SWIFT_STANDARD_LIBRARIES = YES;
				BUNDLE_LOADER = "$(TEST_HOST)";
				CODE_SIGN_STYLE = Automatic;
				CURRENT_PROJECT_VERSION = 1;
				DEVELOPMENT_TEAM = 538YK27G99;
				GENERATE_INFOPLIST_FILE = YES;
				IPHONEOS_DEPLOYMENT_TARGET = 17.2;
				MARKETING_VERSION = 1.0;
				PRODUCT_BUNDLE_IDENTIFIER = com.Alejandro.ConstraintAutoLayout2Tests;
				PRODUCT_NAME = "$(TARGET_NAME)";
				SWIFT_EMIT_LOC_STRINGS = NO;
				SWIFT_VERSION = 5.0;
				TARGETED_DEVICE_FAMILY = "1,2";
				TEST_HOST = "$(BUILT_PRODUCTS_DIR)/ConstraintAutoLayout2.app/$(BUNDLE_EXECUTABLE_FOLDER_PATH)/ConstraintAutoLayout2";
			};
			name = Release;
		};
		551E95822B573FDE0033C3E2 /* Debug */ = {
			isa = XCBuildConfiguration;
			buildSettings = {
				ALWAYS_EMBED_SWIFT_STANDARD_LIBRARIES = YES;
				CODE_SIGN_STYLE = Automatic;
				CURRENT_PROJECT_VERSION = 1;
				DEVELOPMENT_TEAM = 538YK27G99;
				GENERATE_INFOPLIST_FILE = YES;
				MARKETING_VERSION = 1.0;
				PRODUCT_BUNDLE_IDENTIFIER = com.Alejandro.ConstraintAutoLayout2UITests;
				PRODUCT_NAME = "$(TARGET_NAME)";
				SWIFT_EMIT_LOC_STRINGS = NO;
				SWIFT_VERSION = 5.0;
				TARGETED_DEVICE_FAMILY = "1,2";
				TEST_TARGET_NAME = ConstraintAutoLayout2;
			};
			name = Debug;
		};
		551E95832B573FDE0033C3E2 /* Release */ = {
			isa = XCBuildConfiguration;
			buildSettings = {
				ALWAYS_EMBED_SWIFT_STANDARD_LIBRARIES = YES;
				CODE_SIGN_STYLE = Automatic;
				CURRENT_PROJECT_VERSION = 1;
				DEVELOPMENT_TEAM = 538YK27G99;
				GENERATE_INFOPLIST_FILE = YES;
				MARKETING_VERSION = 1.0;
				PRODUCT_BUNDLE_IDENTIFIER = com.Alejandro.ConstraintAutoLayout2UITests;
				PRODUCT_NAME = "$(TARGET_NAME)";
				SWIFT_EMIT_LOC_STRINGS = NO;
				SWIFT_VERSION = 5.0;
				TARGETED_DEVICE_FAMILY = "1,2";
				TEST_TARGET_NAME = ConstraintAutoLayout2;
			};
			name = Release;
		};
/* End XCBuildConfiguration section */

/* Begin XCConfigurationList section */
		551E954C2B573FDB0033C3E2 /* Build configuration list for PBXProject "ConstraintAutoLayout2" */ = {
			isa = XCConfigurationList;
			buildConfigurations = (
				551E95792B573FDE0033C3E2 /* Debug */,
				551E957A2B573FDE0033C3E2 /* Release */,
			);
			defaultConfigurationIsVisible = 0;
			defaultConfigurationName = Release;
		};
		551E957B2B573FDE0033C3E2 /* Build configuration list for PBXNativeTarget "ConstraintAutoLayout2" */ = {
			isa = XCConfigurationList;
			buildConfigurations = (
				551E957C2B573FDE0033C3E2 /* Debug */,
				551E957D2B573FDE0033C3E2 /* Release */,
			);
			defaultConfigurationIsVisible = 0;
			defaultConfigurationName = Release;
		};
		551E957E2B573FDE0033C3E2 /* Build configuration list for PBXNativeTarget "ConstraintAutoLayout2Tests" */ = {
			isa = XCConfigurationList;
			buildConfigurations = (
				551E957F2B573FDE0033C3E2 /* Debug */,
				551E95802B573FDE0033C3E2 /* Release */,
			);
			defaultConfigurationIsVisible = 0;
			defaultConfigurationName = Release;
		};
		551E95812B573FDE0033C3E2 /* Build configuration list for PBXNativeTarget "ConstraintAutoLayout2UITests" */ = {
			isa = XCConfigurationList;
			buildConfigurations = (
				551E95822B573FDE0033C3E2 /* Debug */,
				551E95832B573FDE0033C3E2 /* Release */,
			);
			defaultConfigurationIsVisible = 0;
			defaultConfigurationName = Release;
		};
/* End XCConfigurationList section */
	};
	rootObject = 551E95492B573FDB0033C3E2 /* Project object */;
}
